PODS:
  - iOSSnapshotTestCase (7.0.0):
    - iOSSnapshotTestCase/SwiftSupport (= 7.0.0)
  - iOSSnapshotTestCase/Core (7.0.0)
  - iOSSnapshotTestCase/SwiftSupport (7.0.0):
    - iOSSnapshotTestCase/Core
  - SDWebImage (5.11.1):
    - SDWebImage/Core (= 5.11.1)
  - SDWebImage/Core (5.11.1)

DEPENDENCIES:
  - iOSSnapshotTestCase
  - SDWebImage

SPEC REPOS:
  trunk:
    - iOSSnapshotTestCase
    - SDWebImage

SPEC CHECKSUMS:
  iOSSnapshotTestCase: 63402a5707db9c4103b6cc3f04c76e981fff7952
  SDWebImage: a7f831e1a65eb5e285e3fb046a23fcfbf08e696d

PODFILE CHECKSUM: aae820aced7e249cf24c00547650ab4a8e4850d4

COCOAPODS: 1.10.2
